
Microsoft Visual Studio Solution File, Format Version 12.00
# Visual Studio Version 17
VisualStudioVersion = 17.11.35327.3
MinimumVisualStudioVersion = 10.0.40219.1
Project("{FAE04EC0-301F-11D3-BF4B-00C04F79EFBC}") = "Sakkocska", "Sakkocska\Sakkocska.csproj", "{F539ADB1-F275-4360-88C3-E5ED6E45B708}"
EndProject
Global
	GlobalSection(SolutionConfigurationPlatforms) = preSolution
		Debug|Any CPU = Debug|Any CPU
		Release|Any CPU = Release|Any CPU
	EndGlobalSection
	GlobalSection(ProjectConfigurationPlatforms) = postSolution
		{F539ADB1-F275-4360-88C3-E5ED6E45B708}.Debug|Any CPU.ActiveCfg = Debug|Any CPU
		{F539ADB1-F275-4360-88C3-E5ED6E45B708}.Debug|Any CPU.Build.0 = Debug|Any CPU
		{F539ADB1-F275-4360-88C3-E5ED6E45B708}.Release|Any CPU.ActiveCfg = Release|Any CPU
		{F539ADB1-F275-4360-88C3-E5ED6E45B708}.Release|Any CPU.Build.0 = Release|Any CPU
	EndGlobalSection
	GlobalSection(SolutionProperties) = preSolution
		HideSolutionNode = FALSE
	EndGlobalSection
	GlobalSection(ExtensibilityGlobals) = postSolution
		SolutionGuid = {788EA5F2-A214-4878-BAB0-D590A53C07C9}
	EndGlobalSection
EndGlobal
